// !$*UTF8*$!
{
	archiveVersion = 1;
	classes = {
	};
	objectVersion = 46;
	objects = {

/* Begin PBXBuildFile section */
		783FDF311BF3DB0C0000F91A /* main.cpp in Sources */ = {isa = PBXBuildFile; fileRef = 783FDF301BF3DB0C0000F91A /* main.cpp */; };
		783FDF391BF3DCFD0000F91A /* lexer.cpp in Sources */ = {isa = PBXBuildFile; fileRef = 783FDF371BF3DCFD0000F91A /* lexer.cpp */; };
/* End PBXBuildFile section */

/* Begin PBXCopyFilesBuildPhase section */
		783FDF2B1BF3DB0C0000F91A /* CopyFiles */ = {
			isa = PBXCopyFilesBuildPhase;
			buildActionMask = 2147483647;
			dstPath = /usr/share/man/man1/;
			dstSubfolderSpec = 0;
			files = (
			);
			runOnlyForDeploymentPostprocessing = 1;
		};
/* End PBXCopyFilesBuildPhase section */

/* Begin PBXFileReference section */
		783FDF2D1BF3DB0C0000F91A /* CalcLex */ = {isa = PBXFileReference; explicitFileType = "compiled.mach-o.executable"; includeInIndex = 0; path = CalcLex; sourceTree = BUILT_PRODUCTS_DIR; };
		783FDF301BF3DB0C0000F91A /* main.cpp */ = {isa = PBXFileReference; lastKnownFileType = sourcecode.cpp.cpp; path = main.cpp; sourceTree = "<group>"; };
		783FDF371BF3DCFD0000F91A /* lexer.cpp */ = {isa = PBXFileReference; fileEncoding = 4; lastKnownFileType = sourcecode.cpp.cpp; path = lexer.cpp; sourceTree = "<group>"; };
		783FDF3A1BF3DF0C0000F91A /* calcLex.h */ = {isa = PBXFileReference; lastKnownFileType = sourcecode.c.h; name = calcLex.h; path = ../calcLex.h; sourceTree = "<group>"; tabWidth = 4; };
/* End PBXFileReference section */

/* Begin PBXFrameworksBuildPhase section */
		783FDF2A1BF3DB0C0000F91A /* Frameworks */ = {
			isa = PBXFrameworksBuildPhase;
			buildActionMask = 2147483647;
			files = (
			);
			runOnlyForDeploymentPostprocessing = 0;
		};
/* End PBXFrameworksBuildPhase section */

/* Begin PBXGroup section */
		783FDF241BF3DB0B0000F91A = {
			isa = PBXGroup;
			children = (
				783FDF2F1BF3DB0C0000F91A /* CalcLex */,
				783FDF2E1BF3DB0C0000F91A /* Products */,
			);
			sourceTree = "<group>";
		};
		783FDF2E1BF3DB0C0000F91A /* Products */ = {
			isa = PBXGroup;
			children = (
				783FDF2D1BF3DB0C0000F91A /* CalcLex */,
			);
			name = Products;
			sourceTree = "<group>";
		};
		783FDF2F1BF3DB0C0000F91A /* CalcLex */ = {
			isa = PBXGroup;
			children = (
				783FDF3A1BF3DF0C0000F91A /* calcLex.h */,
				783FDF301BF3DB0C0000F91A /* main.cpp */,
				783FDF371BF3DCFD0000F91A /* lexer.cpp */,
			);
			path = CalcLex;
			sourceTree = "<group>";
		};
/* End PBXGroup section */

/* Begin PBXNativeTarget section */
		783FDF2C1BF3DB0C0000F91A /* CalcLex */ = {
			isa = PBXNativeTarget;
			buildConfigurationList = 783FDF341BF3DB0C0000F91A /* Build configuration list for PBXNativeTarget "CalcLex" */;
			buildPhases = (
				783FDF291BF3DB0C0000F91A /* Sources */,
				783FDF2A1BF3DB0C0000F91A /* Frameworks */,
				783FDF2B1BF3DB0C0000F91A /* CopyFiles */,
			);
			buildRules = (
			);
			dependencies = (
			);
			name = CalcLex;
			productName = CalcLex;
			productReference = 783FDF2D1BF3DB0C0000F91A /* CalcLex */;
			productType = "com.apple.product-type.tool";
		};
/* End PBXNativeTarget section */

/* Begin PBXProject section */
		783FDF251BF3DB0B0000F91A /* Project object */ = {
			isa = PBXProject;
			attributes = {
				LastUpgradeCheck = 0710;
				ORGANIZATIONNAME = "Zach Crabtree";
				TargetAttributes = {
					783FDF2C1BF3DB0C0000F91A = {
						CreatedOnToolsVersion = 7.1;
					};
				};
			};
			buildConfigurationList = 783FDF281BF3DB0B0000F91A /* Build configuration list for PBXProject "CalcLex" */;
			compatibilityVersion = "Xcode 3.2";
			developmentRegion = English;
			hasScannedForEncodings = 0;
			knownRegions = (
				en,
			);
			mainGroup = 783FDF241BF3DB0B0000F91A;
			productRefGroup = 783FDF2E1BF3DB0C0000F91A /* Products */;
			projectDirPath = "";
			projectRoot = "";
			targets = (
				783FDF2C1BF3DB0C0000F91A /* CalcLex */,
			);
		};
/* End PBXProject section */

/* Begin PBXSourcesBuildPhase section */
		783FDF291BF3DB0C0000F91A /* Sources */ = {
			isa = PBXSourcesBuildPhase;
			buildActionMask = 2147483647;
			files = (
				783FDF391BF3DCFD0000F91A /* lexer.cpp in Sources */,
				783FDF311BF3DB0C0000F91A /* main.cpp in Sources */,
			);
			runOnlyForDeploymentPostprocessing = 0;
		};
/* End PBXSourcesBuildPhase section */

/* Begin XCBuildConfiguration section */
		783FDF321BF3DB0C0000F91A /* Debug */ = {
			isa = XCBuildConfiguration;
			buildSettings = {
				ALWAYS_SEARCH_USER_PATHS = NO;
				CLANG_CXX_LANGUAGE_STANDARD = "gnu++0x";
				CLANG_CXX_LIBRARY = "libc++";
				CLANG_ENABLE_MODULES = YES;
				CLANG_ENABLE_OBJC_ARC = YES;
				CLANG_WARN_BOOL_CONVERSION = YES;
				CLANG_WARN_CONSTANT_CONVERSION = YES;
				CLANG_WARN_DIRECT_OBJC_ISA_USAGE = YES_ERROR;
				CLANG_WARN_EMPTY_BODY = YES;
				CLANG_WARN_ENUM_CONVERSION = YES;
				CLANG_WARN_INT_CONVERSION = YES;
				CLANG_WARN_OBJC_ROOT_CLASS = YES_ERROR;
				CLANG_WARN_UNREACHABLE_CODE = YES;
				CLANG_WARN__DUPLICATE_METHOD_MATCH = YES;
				CODE_SIGN_IDENTITY = "-";
				COPY_PHASE_STRIP = NO;
				DEBUG_INFORMATION_FORMAT = dwarf;
				ENABLE_STRICT_OBJC_MSGSEND = YES;
				ENABLE_TESTABILITY = YES;
				GCC_C_LANGUAGE_STANDARD = gnu99;
				GCC_DYNAMIC_NO_PIC = NO;
				GCC_NO_COMMON_BLOCKS = YES;
				GCC_OPTIMIZATION_LEVEL = 0;
				GCC_PREPROCESSOR_DEFINITIONS = (
					"DEBUG=1",
					"$(inherited)",
				);
				GCC_WARN_64_TO_32_BIT_CONVERSION = YES;
				GCC_WARN_ABOUT_RETURN_TYPE = YES_ERROR;
				GCC_WARN_UNDECLARED_SELECTOR = YES;
				GCC_WARN_UNINITIALIZED_AUTOS = YES_AGGRESSIVE;
				GCC_WARN_UNUSED_FUNCTION = YES;
				GCC_WARN_UNUSED_VARIABLE = YES;
				MACOSX_DEPLOYMENT_TARGET = 10.11;
				MTL_ENABLE_DEBUG_INFO = YES;
				ONLY_ACTIVE_ARCH = YES;
				SDKROOT = macosx;
			};
			name = Debug;
		};
		783FDF331BF3DB0C0000F91A /* Release */ = {
			isa = XCBuildConfiguration;
			buildSettings = {
				ALWAYS_SEARCH_USER_PATHS = NO;
				CLANG_CXX_LANGUAGE_STANDARD = "gnu++0x";
				CLANG_CXX_LIBRARY = "libc++";
				CLANG_ENABLE_MODULES = YES;
				CLANG_ENABLE_OBJC_ARC = YES;
				CLANG_WARN_BOOL_CONVERSION = YES;
				CLANG_WARN_CONSTANT_CONVERSION = YES;
				CLANG_WARN_DIRECT_OBJC_ISA_USAGE = YES_ERROR;
				CLANG_WARN_EMPTY_BODY = YES;
				CLANG_WARN_ENUM_CONVERSION = YES;
				CLANG_WARN_INT_CONVERSION = YES;
				CLANG_WARN_OBJC_ROOT_CLASS = YES_ERROR;
				CLANG_WARN_UNREACHABLE_CODE = YES;
				CLANG_WARN__DUPLICATE_METHOD_MATCH = YES;
				CODE_SIGN_IDENTITY = "-";
				COPY_PHASE_STRIP = NO;
				DEBUG_INFORMATION_FORMAT = "dwarf-with-dsym";
				ENABLE_NS_ASSERTIONS = NO;
				ENABLE_STRICT_OBJC_MSGSEND = YES;
				GCC_C_LANGUAGE_STANDARD = gnu99;
				GCC_NO_COMMON_BLOCKS = YES;
				GCC_WARN_64_TO_32_BIT_CONVERSION = YES;
				GCC_WARN_ABOUT_RETURN_TYPE = YES_ERROR;
				GCC_WARN_UNDECLARED_SELECTOR = YES;
				GCC_WARN_UNINITIALIZED_AUTOS = YES_AGGRESSIVE;
				GCC_WARN_UNUSED_FUNCTION = YES;
				GCC_WARN_UNUSED_VARIABLE = YES;
				MACOSX_DEPLOYMENT_TARGET = 10.11;
				MTL_ENABLE_DEBUG_INFO = NO;
				SDKROOT = macosx;
			};
			name = Release;
		};
		783FDF351BF3DB0C0000F91A /* Debug */ = {
			isa = XCBuildConfiguration;
			buildSettings = {
				PRODUCT_NAME = "$(TARGET_NAME)";
			};
			name = Debug;
		};
		783FDF361BF3DB0C0000F91A /* Release */ = {
			isa = XCBuildConfiguration;
			buildSettings = {
				PRODUCT_NAME = "$(TARGET_NAME)";
			};
			name = Release;
		};
/* End XCBuildConfiguration section */

/* Begin XCConfigurationList section */
		783FDF281BF3DB0B0000F91A /* Build configuration list for PBXProject "CalcLex" */ = {
			isa = XCConfigurationList;
			buildConfigurations = (
				783FDF321BF3DB0C0000F91A /* Debug */,
				783FDF331BF3DB0C0000F91A /* Release */,
			);
			defaultConfigurationIsVisible = 0;
			defaultConfigurationName = Release;
		};
		783FDF341BF3DB0C0000F91A /* Build configuration list for PBXNativeTarget "CalcLex" */ = {
			isa = XCConfigurationList;
			buildConfigurations = (
				783FDF351BF3DB0C0000F91A /* Debug */,
				783FDF361BF3DB0C0000F91A /* Release */,
			);
			defaultConfigurationIsVisible = 0;
		};
/* End XCConfigurationList section */
	};
	rootObject = 783FDF251BF3DB0B0000F91A /* Project object */;
}
